
Microsoft Visual Studio Solution File, Format Version 12.00
# Visual Studio Version 17
VisualStudioVersion = 17.11.35219.272
MinimumVisualStudioVersion = 10.0.40219.1
Project("{FAE04EC0-301F-11D3-BF4B-00C04F79EFBC}") = "AdvisorStore", "AdvisorStore\AdvisorStore.csproj", "{4E854F9F-3427-46B9-A418-68E20585F18B}"
EndProject
Global
	GlobalSection(SolutionConfigurationPlatforms) = preSolution
		Debug|Any CPU = Debug|Any CPU
		Release|Any CPU = Release|Any CPU
	EndGlobalSection
	GlobalSection(ProjectConfigurationPlatforms) = postSolution
		{4E854F9F-3427-46B9-A418-68E20585F18B}.Debug|Any CPU.ActiveCfg = Debug|Any CPU
		{4E854F9F-3427-46B9-A418-68E20585F18B}.Debug|Any CPU.Build.0 = Debug|Any CPU
		{4E854F9F-3427-46B9-A418-68E20585F18B}.Release|Any CPU.ActiveCfg = Release|Any CPU
		{4E854F9F-3427-46B9-A418-68E20585F18B}.Release|Any CPU.Build.0 = Release|Any CPU
	EndGlobalSection
	GlobalSection(SolutionProperties) = preSolution
		HideSolutionNode = FALSE
	EndGlobalSection
	GlobalSection(ExtensibilityGlobals) = postSolution
		SolutionGuid = {738F9192-CA73-4107-828C-1A9027C03738}
	EndGlobalSection
EndGlobal
